
Microsoft Visual Studio Solution File, Format Version 11.00
# Visual Studio 2010
Project("{FAE04EC0-301F-11D3-BF4B-00C04F79EFBC}") = "IM", "IM\IM.csproj", "{0975E30A-7A3F-4B79-B880-D9C6A4232238}"
EndProject
Global
	GlobalSection(SolutionConfigurationPlatforms) = preSolution
		Debug|x86 = Debug|x86
		Release|x86 = Release|x86
	EndGlobalSection
	GlobalSection(ProjectConfigurationPlatforms) = postSolution
		{0975E30A-7A3F-4B79-B880-D9C6A4232238}.Debug|x86.ActiveCfg = Debug|x86
		{0975E30A-7A3F-4B79-B880-D9C6A4232238}.Debug|x86.Build.0 = Debug|x86
		{0975E30A-7A3F-4B79-B880-D9C6A4232238}.Release|x86.ActiveCfg = Release|x86
		{0975E30A-7A3F-4B79-B880-D9C6A4232238}.Release|x86.Build.0 = Release|x86
	EndGlobalSection
	GlobalSection(SolutionProperties) = preSolution
		HideSolutionNode = FALSE
	EndGlobalSection
EndGlobal
